
Microsoft Visual Studio Solution File, Format Version 12.00
# Visual Studio Version 16
VisualStudioVersion = 16.0.31911.196
MinimumVisualStudioVersion = 10.0.40219.1
Project("{FAE04EC0-301F-11D3-BF4B-00C04F79EFBC}") = "ProductID_ReviewManagment", "ProductID_ReviewManagment\ProductID_ReviewManagment.csproj", "{C61640E1-3C77-47A4-AA19-140BB1C269C7}"
EndProject
Global
	GlobalSection(SolutionConfigurationPlatforms) = preSolution
		Debug|Any CPU = Debug|Any CPU
		Release|Any CPU = Release|Any CPU
	EndGlobalSection
	GlobalSection(ProjectConfigurationPlatforms) = postSolution
		{C61640E1-3C77-47A4-AA19-140BB1C269C7}.Debug|Any CPU.ActiveCfg = Debug|Any CPU
		{C61640E1-3C77-47A4-AA19-140BB1C269C7}.Debug|Any CPU.Build.0 = Debug|Any CPU
		{C61640E1-3C77-47A4-AA19-140BB1C269C7}.Release|Any CPU.ActiveCfg = Release|Any CPU
		{C61640E1-3C77-47A4-AA19-140BB1C269C7}.Release|Any CPU.Build.0 = Release|Any CPU
	EndGlobalSection
	GlobalSection(SolutionProperties) = preSolution
		HideSolutionNode = FALSE
	EndGlobalSection
	GlobalSection(ExtensibilityGlobals) = postSolution
		SolutionGuid = {969F481B-A711-4525-8476-47E3EB05CCDC}
	EndGlobalSection
EndGlobal
